
Microsoft Visual Studio Solution File, Format Version 12.00
# Visual Studio Version 16
VisualStudioVersion = 16.0.31702.278
MinimumVisualStudioVersion = 10.0.40219.1
Project("{FAE04EC0-301F-11D3-BF4B-00C04F79EFBC}") = "4545", "4545\4545.csproj", "{9A455BFC-66A4-40F1-A8A2-20DE3EC9ABFD}"
EndProject
Global
	GlobalSection(SolutionConfigurationPlatforms) = preSolution
		Debug|Any CPU = Debug|Any CPU
		Release|Any CPU = Release|Any CPU
	EndGlobalSection
	GlobalSection(ProjectConfigurationPlatforms) = postSolution
		{9A455BFC-66A4-40F1-A8A2-20DE3EC9ABFD}.Debug|Any CPU.ActiveCfg = Debug|Any CPU
		{9A455BFC-66A4-40F1-A8A2-20DE3EC9ABFD}.Debug|Any CPU.Build.0 = Debug|Any CPU
		{9A455BFC-66A4-40F1-A8A2-20DE3EC9ABFD}.Release|Any CPU.ActiveCfg = Release|Any CPU
		{9A455BFC-66A4-40F1-A8A2-20DE3EC9ABFD}.Release|Any CPU.Build.0 = Release|Any CPU
	EndGlobalSection
	GlobalSection(SolutionProperties) = preSolution
		HideSolutionNode = FALSE
	EndGlobalSection
	GlobalSection(ExtensibilityGlobals) = postSolution
		SolutionGuid = {060C6252-B77A-4329-BAC9-BFB7D45BA681}
	EndGlobalSection
EndGlobal
